
Microsoft Visual Studio Solution File, Format Version 12.00
# Visual Studio Version 16
VisualStudioVersion = 16.0.32413.511
MinimumVisualStudioVersion = 10.0.40219.1
Project("{FAE04EC0-301F-11D3-BF4B-00C04F79EFBC}") = "RoomAutomatin", "RoomAutomatin.csproj", "{947D6766-B200-4D43-AB3A-964D7F68ACCE}"
EndProject
Global
	GlobalSection(SolutionConfigurationPlatforms) = preSolution
		Debug|Any CPU = Debug|Any CPU
		Release|Any CPU = Release|Any CPU
	EndGlobalSection
	GlobalSection(ProjectConfigurationPlatforms) = postSolution
		{947D6766-B200-4D43-AB3A-964D7F68ACCE}.Debug|Any CPU.ActiveCfg = Debug|Any CPU
		{947D6766-B200-4D43-AB3A-964D7F68ACCE}.Debug|Any CPU.Build.0 = Debug|Any CPU
		{947D6766-B200-4D43-AB3A-964D7F68ACCE}.Release|Any CPU.ActiveCfg = Release|Any CPU
		{947D6766-B200-4D43-AB3A-964D7F68ACCE}.Release|Any CPU.Build.0 = Release|Any CPU
	EndGlobalSection
	GlobalSection(SolutionProperties) = preSolution
		HideSolutionNode = FALSE
	EndGlobalSection
	GlobalSection(ExtensibilityGlobals) = postSolution
		SolutionGuid = {6EC69795-99D6-44A4-93D9-168675EF79BE}
	EndGlobalSection
EndGlobal
